
Microsoft Visual Studio Solution File, Format Version 12.00
# Visual Studio Version 17
VisualStudioVersion = 17.7.34024.191
MinimumVisualStudioVersion = 10.0.40219.1
Project("{FAE04EC0-301F-11D3-BF4B-00C04F79EFBC}") = "Basic Console Calculator", "Basic Console Calculator\Basic Console Calculator.csproj", "{C6EBB291-0B1C-4C61-BE3C-CD772B380BEE}"
EndProject
Global
	GlobalSection(SolutionConfigurationPlatforms) = preSolution
		Debug|Any CPU = Debug|Any CPU
		Release|Any CPU = Release|Any CPU
	EndGlobalSection
	GlobalSection(ProjectConfigurationPlatforms) = postSolution
		{C6EBB291-0B1C-4C61-BE3C-CD772B380BEE}.Debug|Any CPU.ActiveCfg = Debug|Any CPU
		{C6EBB291-0B1C-4C61-BE3C-CD772B380BEE}.Debug|Any CPU.Build.0 = Debug|Any CPU
		{C6EBB291-0B1C-4C61-BE3C-CD772B380BEE}.Release|Any CPU.ActiveCfg = Release|Any CPU
		{C6EBB291-0B1C-4C61-BE3C-CD772B380BEE}.Release|Any CPU.Build.0 = Release|Any CPU
	EndGlobalSection
	GlobalSection(SolutionProperties) = preSolution
		HideSolutionNode = FALSE
	EndGlobalSection
	GlobalSection(ExtensibilityGlobals) = postSolution
		SolutionGuid = {5646C268-5496-4345-ACD9-5ED7ADAF2ED0}
	EndGlobalSection
EndGlobal
